
Microsoft Visual Studio Solution File, Format Version 12.00
# Visual Studio Version 17
VisualStudioVersion = 17.0.31903.59
MinimumVisualStudioVersion = 10.0.40219.1
Project("{2150E333-8FDC-42A3-9474-1A3956D46DE8}") = "src", "src", "{827E0CD3-B72D-47B6-A68D-7590B98EB39B}"
EndProject
Project("{FAE04EC0-301F-11D3-BF4B-00C04F79EFBC}") = "EnterpriseIntegrationHub.Api", "src\EnterpriseIntegrationHub.Api\EnterpriseIntegrationHub.Api.csproj", "{FE44CFAB-BC7A-4663-9135-5E6716FE7A37}"
EndProject
Project("{FAE04EC0-301F-11D3-BF4B-00C04F79EFBC}") = "EnterpriseIntegrationHub.Application", "src\EnterpriseIntegrationHub.Application\EnterpriseIntegrationHub.Application.csproj", "{23E612AA-AE08-4807-A159-2278D5C75090}"
EndProject
Project("{FAE04EC0-301F-11D3-BF4B-00C04F79EFBC}") = "EnterpriseIntegrationHub.Domain", "src\EnterpriseIntegrationHub.Domain\EnterpriseIntegrationHub.Domain.csproj", "{84937B81-4E93-472A-8F74-C4449C77E5F9}"
EndProject
Project("{FAE04EC0-301F-11D3-BF4B-00C04F79EFBC}") = "EnterpriseIntegrationHub.Infrastructure", "src\EnterpriseIntegrationHub.Infrastructure\EnterpriseIntegrationHub.Infrastructure.csproj", "{6B48B348-69A1-4445-AA8A-EFA1C533334A}"
EndProject
Project("{FAE04EC0-301F-11D3-BF4B-00C04F79EFBC}") = "EnterpriseIntegrationHub.SharedKernel", "src\EnterpriseIntegrationHub.SharedKernel\EnterpriseIntegrationHub.SharedKernel.csproj", "{AAAA3C88-6DA9-43AF-A4C2-931060E67926}"
EndProject
Project("{FAE04EC0-301F-11D3-BF4B-00C04F79EFBC}") = "EnterpriseIntegrationHub.Domain.Tests", "tests\EnterpriseIntegrationHub.Domain.Tests\EnterpriseIntegrationHub.Domain.Tests.csproj", "{273404C9-447E-18C2-C747-AA20121CA73F}"
EndProject
Project("{FAE04EC0-301F-11D3-BF4B-00C04F79EFBC}") = "EnterpriseIntegrationHub.Infrastructure.Tests", "tests\EnterpriseIntegrationHub.Infrastructure.Tests\EnterpriseIntegrationHub.Infrastructure.Tests.csproj", "{05C4C7CA-C1E2-84B2-D891-19D81D3C5B6B}"
EndProject
Project("{FAE04EC0-301F-11D3-BF4B-00C04F79EFBC}") = "EnterpriseIntegrationHub.Application.Tests", "tests\EnterpriseIntegrationHub.Application.Tests\EnterpriseIntegrationHub.Application.Tests.csproj", "{9FFDE4CF-F812-B7C7-380C-346ABDA4E76A}"
EndProject
Global
	GlobalSection(SolutionConfigurationPlatforms) = preSolution
		Debug|Any CPU = Debug|Any CPU
		Debug|x64 = Debug|x64
		Debug|x86 = Debug|x86
		Release|Any CPU = Release|Any CPU
		Release|x64 = Release|x64
		Release|x86 = Release|x86
	EndGlobalSection
	GlobalSection(ProjectConfigurationPlatforms) = postSolution
		{FE44CFAB-BC7A-4663-9135-5E6716FE7A37}.Debug|Any CPU.ActiveCfg = Debug|Any CPU
		{FE44CFAB-BC7A-4663-9135-5E6716FE7A37}.Debug|Any CPU.Build.0 = Debug|Any CPU
		{FE44CFAB-BC7A-4663-9135-5E6716FE7A37}.Debug|x64.ActiveCfg = Debug|Any CPU
		{FE44CFAB-BC7A-4663-9135-5E6716FE7A37}.Debug|x64.Build.0 = Debug|Any CPU
		{FE44CFAB-BC7A-4663-9135-5E6716FE7A37}.Debug|x86.ActiveCfg = Debug|Any CPU
		{FE44CFAB-BC7A-4663-9135-5E6716FE7A37}.Debug|x86.Build.0 = Debug|Any CPU
		{FE44CFAB-BC7A-4663-9135-5E6716FE7A37}.Release|Any CPU.ActiveCfg = Release|Any CPU
		{FE44CFAB-BC7A-4663-9135-5E6716FE7A37}.Release|Any CPU.Build.0 = Release|Any CPU
		{FE44CFAB-BC7A-4663-9135-5E6716FE7A37}.Release|x64.ActiveCfg = Release|Any CPU
		{FE44CFAB-BC7A-4663-9135-5E6716FE7A37}.Release|x64.Build.0 = Release|Any CPU
		{FE44CFAB-BC7A-4663-9135-5E6716FE7A37}.Release|x86.ActiveCfg = Release|Any CPU
		{FE44CFAB-BC7A-4663-9135-5E6716FE7A37}.Release|x86.Build.0 = Release|Any CPU
		{23E612AA-AE08-4807-A159-2278D5C75090}.Debug|Any CPU.ActiveCfg = Debug|Any CPU
		{23E612AA-AE08-4807-A159-2278D5C75090}.Debug|Any CPU.Build.0 = Debug|Any CPU
		{23E612AA-AE08-4807-A159-2278D5C75090}.Debug|x64.ActiveCfg = Debug|Any CPU
		{23E612AA-AE08-4807-A159-2278D5C75090}.Debug|x64.Build.0 = Debug|Any CPU
		{23E612AA-AE08-4807-A159-2278D5C75090}.Debug|x86.ActiveCfg = Debug|Any CPU
		{23E612AA-AE08-4807-A159-2278D5C75090}.Debug|x86.Build.0 = Debug|Any CPU
		{23E612AA-AE08-4807-A159-2278D5C75090}.Release|Any CPU.ActiveCfg = Release|Any CPU
		{23E612AA-AE08-4807-A159-2278D5C75090}.Release|Any CPU.Build.0 = Release|Any CPU
		{23E612AA-AE08-4807-A159-2278D5C75090}.Release|x64.ActiveCfg = Release|Any CPU
		{23E612AA-AE08-4807-A159-2278D5C75090}.Release|x64.Build.0 = Release|Any CPU
		{23E612AA-AE08-4807-A159-2278D5C75090}.Release|x86.ActiveCfg = Release|Any CPU
		{23E612AA-AE08-4807-A159-2278D5C75090}.Release|x86.Build.0 = Release|Any CPU
		{84937B81-4E93-472A-8F74-C4449C77E5F9}.Debug|Any CPU.ActiveCfg = Debug|Any CPU
		{84937B81-4E93-472A-8F74-C4449C77E5F9}.Debug|Any CPU.Build.0 = Debug|Any CPU
		{84937B81-4E93-472A-8F74-C4449C77E5F9}.Debug|x64.ActiveCfg = Debug|Any CPU
		{84937B81-4E93-472A-8F74-C4449C77E5F9}.Debug|x64.Build.0 = Debug|Any CPU
		{84937B81-4E93-472A-8F74-C4449C77E5F9}.Debug|x86.ActiveCfg = Debug|Any CPU
		{84937B81-4E93-472A-8F74-C4449C77E5F9}.Debug|x86.Build.0 = Debug|Any CPU
		{84937B81-4E93-472A-8F74-C4449C77E5F9}.Release|Any CPU.ActiveCfg = Release|Any CPU
		{84937B81-4E93-472A-8F74-C4449C77E5F9}.Release|Any CPU.Build.0 = Release|Any CPU
		{84937B81-4E93-472A-8F74-C4449C77E5F9}.Release|x64.ActiveCfg = Release|Any CPU
		{84937B81-4E93-472A-8F74-C4449C77E5F9}.Release|x64.Build.0 = Release|Any CPU
		{84937B81-4E93-472A-8F74-C4449C77E5F9}.Release|x86.ActiveCfg = Release|Any CPU
		{84937B81-4E93-472A-8F74-C4449C77E5F9}.Release|x86.Build.0 = Release|Any CPU
		{6B48B348-69A1-4445-AA8A-EFA1C533334A}.Debug|Any CPU.ActiveCfg = Debug|Any CPU
		{6B48B348-69A1-4445-AA8A-EFA1C533334A}.Debug|Any CPU.Build.0 = Debug|Any CPU
		{6B48B348-69A1-4445-AA8A-EFA1C533334A}.Debug|x64.ActiveCfg = Debug|Any CPU
		{6B48B348-69A1-4445-AA8A-EFA1C533334A}.Debug|x64.Build.0 = Debug|Any CPU
		{6B48B348-69A1-4445-AA8A-EFA1C533334A}.Debug|x86.ActiveCfg = Debug|Any CPU
		{6B48B348-69A1-4445-AA8A-EFA1C533334A}.Debug|x86.Build.0 = Debug|Any CPU
		{6B48B348-69A1-4445-AA8A-EFA1C533334A}.Release|Any CPU.ActiveCfg = Release|Any CPU
		{6B48B348-69A1-4445-AA8A-EFA1C533334A}.Release|Any CPU.Build.0 = Release|Any CPU
		{6B48B348-69A1-4445-AA8A-EFA1C533334A}.Release|x64.ActiveCfg = Release|Any CPU
		{6B48B348-69A1-4445-AA8A-EFA1C533334A}.Release|x64.Build.0 = Release|Any CPU
		{6B48B348-69A1-4445-AA8A-EFA1C533334A}.Release|x86.ActiveCfg = Release|Any CPU
		{6B48B348-69A1-4445-AA8A-EFA1C533334A}.Release|x86.Build.0 = Release|Any CPU
		{AAAA3C88-6DA9-43AF-A4C2-931060E67926}.Debug|Any CPU.ActiveCfg = Debug|Any CPU
		{AAAA3C88-6DA9-43AF-A4C2-931060E67926}.Debug|Any CPU.Build.0 = Debug|Any CPU
		{AAAA3C88-6DA9-43AF-A4C2-931060E67926}.Debug|x64.ActiveCfg = Debug|Any CPU
		{AAAA3C88-6DA9-43AF-A4C2-931060E67926}.Debug|x64.Build.0 = Debug|Any CPU
		{AAAA3C88-6DA9-43AF-A4C2-931060E67926}.Debug|x86.ActiveCfg = Debug|Any CPU
		{AAAA3C88-6DA9-43AF-A4C2-931060E67926}.Debug|x86.Build.0 = Debug|Any CPU
		{AAAA3C88-6DA9-43AF-A4C2-931060E67926}.Release|Any CPU.ActiveCfg = Release|Any CPU
		{AAAA3C88-6DA9-43AF-A4C2-931060E67926}.Release|Any CPU.Build.0 = Release|Any CPU
		{AAAA3C88-6DA9-43AF-A4C2-931060E67926}.Release|x64.ActiveCfg = Release|Any CPU
		{AAAA3C88-6DA9-43AF-A4C2-931060E67926}.Release|x64.Build.0 = Release|Any CPU
		{AAAA3C88-6DA9-43AF-A4C2-931060E67926}.Release|x86.ActiveCfg = Release|Any CPU
		{AAAA3C88-6DA9-43AF-A4C2-931060E67926}.Release|x86.Build.0 = Release|Any CPU
		{273404C9-447E-18C2-C747-AA20121CA73F}.Debug|Any CPU.ActiveCfg = Debug|Any CPU
		{273404C9-447E-18C2-C747-AA20121CA73F}.Debug|Any CPU.Build.0 = Debug|Any CPU
		{273404C9-447E-18C2-C747-AA20121CA73F}.Debug|x64.ActiveCfg = Debug|Any CPU
		{273404C9-447E-18C2-C747-AA20121CA73F}.Debug|x64.Build.0 = Debug|Any CPU
		{273404C9-447E-18C2-C747-AA20121CA73F}.Debug|x86.ActiveCfg = Debug|Any CPU
		{273404C9-447E-18C2-C747-AA20121CA73F}.Debug|x86.Build.0 = Debug|Any CPU
		{273404C9-447E-18C2-C747-AA20121CA73F}.Release|Any CPU.ActiveCfg = Release|Any CPU
		{273404C9-447E-18C2-C747-AA20121CA73F}.Release|Any CPU.Build.0 = Release|Any CPU
		{273404C9-447E-18C2-C747-AA20121CA73F}.Release|x64.ActiveCfg = Release|Any CPU
		{273404C9-447E-18C2-C747-AA20121CA73F}.Release|x64.Build.0 = Release|Any CPU
		{273404C9-447E-18C2-C747-AA20121CA73F}.Release|x86.ActiveCfg = Release|Any CPU
		{273404C9-447E-18C2-C747-AA20121CA73F}.Release|x86.Build.0 = Release|Any CPU
		{05C4C7CA-C1E2-84B2-D891-19D81D3C5B6B}.Debug|Any CPU.ActiveCfg = Debug|Any CPU
		{05C4C7CA-C1E2-84B2-D891-19D81D3C5B6B}.Debug|Any CPU.Build.0 = Debug|Any CPU
		{05C4C7CA-C1E2-84B2-D891-19D81D3C5B6B}.Debug|x64.ActiveCfg = Debug|Any CPU
		{05C4C7CA-C1E2-84B2-D891-19D81D3C5B6B}.Debug|x64.Build.0 = Debug|Any CPU
		{05C4C7CA-C1E2-84B2-D891-19D81D3C5B6B}.Debug|x86.ActiveCfg = Debug|Any CPU
		{05C4C7CA-C1E2-84B2-D891-19D81D3C5B6B}.Debug|x86.Build.0 = Debug|Any CPU
		{05C4C7CA-C1E2-84B2-D891-19D81D3C5B6B}.Release|Any CPU.ActiveCfg = Release|Any CPU
		{05C4C7CA-C1E2-84B2-D891-19D81D3C5B6B}.Release|Any CPU.Build.0 = Release|Any CPU
		{05C4C7CA-C1E2-84B2-D891-19D81D3C5B6B}.Release|x64.ActiveCfg = Release|Any CPU
		{05C4C7CA-C1E2-84B2-D891-19D81D3C5B6B}.Release|x64.Build.0 = Release|Any CPU
		{05C4C7CA-C1E2-84B2-D891-19D81D3C5B6B}.Release|x86.ActiveCfg = Release|Any CPU
		{05C4C7CA-C1E2-84B2-D891-19D81D3C5B6B}.Release|x86.Build.0 = Release|Any CPU
		{9FFDE4CF-F812-B7C7-380C-346ABDA4E76A}.Debug|Any CPU.ActiveCfg = Debug|Any CPU
		{9FFDE4CF-F812-B7C7-380C-346ABDA4E76A}.Debug|Any CPU.Build.0 = Debug|Any CPU
		{9FFDE4CF-F812-B7C7-380C-346ABDA4E76A}.Debug|x64.ActiveCfg = Debug|Any CPU
		{9FFDE4CF-F812-B7C7-380C-346ABDA4E76A}.Debug|x64.Build.0 = Debug|Any CPU
		{9FFDE4CF-F812-B7C7-380C-346ABDA4E76A}.Debug|x86.ActiveCfg = Debug|Any CPU
		{9FFDE4CF-F812-B7C7-380C-346ABDA4E76A}.Debug|x86.Build.0 = Debug|Any CPU
		{9FFDE4CF-F812-B7C7-380C-346ABDA4E76A}.Release|Any CPU.ActiveCfg = Release|Any CPU
		{9FFDE4CF-F812-B7C7-380C-346ABDA4E76A}.Release|Any CPU.Build.0 = Release|Any CPU
		{9FFDE4CF-F812-B7C7-380C-346ABDA4E76A}.Release|x64.ActiveCfg = Release|Any CPU
		{9FFDE4CF-F812-B7C7-380C-346ABDA4E76A}.Release|x64.Build.0 = Release|Any CPU
		{9FFDE4CF-F812-B7C7-380C-346ABDA4E76A}.Release|x86.ActiveCfg = Release|Any CPU
		{9FFDE4CF-F812-B7C7-380C-346ABDA4E76A}.Release|x86.Build.0 = Release|Any CPU
	EndGlobalSection
	GlobalSection(SolutionProperties) = preSolution
		HideSolutionNode = FALSE
	EndGlobalSection
	GlobalSection(NestedProjects) = preSolution
		{FE44CFAB-BC7A-4663-9135-5E6716FE7A37} = {827E0CD3-B72D-47B6-A68D-7590B98EB39B}
		{23E612AA-AE08-4807-A159-2278D5C75090} = {827E0CD3-B72D-47B6-A68D-7590B98EB39B}
		{84937B81-4E93-472A-8F74-C4449C77E5F9} = {827E0CD3-B72D-47B6-A68D-7590B98EB39B}
		{6B48B348-69A1-4445-AA8A-EFA1C533334A} = {827E0CD3-B72D-47B6-A68D-7590B98EB39B}
		{AAAA3C88-6DA9-43AF-A4C2-931060E67926} = {827E0CD3-B72D-47B6-A68D-7590B98EB39B}
	EndGlobalSection
	GlobalSection(ExtensibilityGlobals) = postSolution
		SolutionGuid = {276368F9-F033-4361-9BD2-3623CB063D76}
	EndGlobalSection
EndGlobal
